
Microsoft Visual Studio Solution File, Format Version 12.00
# Visual Studio Version 17
VisualStudioVersion = 17.1.31903.286
MinimumVisualStudioVersion = 10.0.40219.1
Project("{FAE04EC0-301F-11D3-BF4B-00C04F79EFBC}") = "IdentityAndAccess.API", "src\IdentityAndAccess.API\IdentityAndAccess.API.csproj", "{DD9F8DF8-45C1-4973-835C-38EE2172E9E1}"
EndProject
Project("{FAE04EC0-301F-11D3-BF4B-00C04F79EFBC}") = "IdentityAndAccess.Domain", "src\IdentityAndAccess.Domain\IdentityAndAccess.Domain.csproj", "{56ED28DF-A20C-4967-815E-1BB551B5F086}"
EndProject
Project("{FAE04EC0-301F-11D3-BF4B-00C04F79EFBC}") = "IdentityAndAccess.Infrastructure", "src\IdentityAndAccess.Infrastructure\IdentityAndAccess.Infrastructure.csproj", "{B702684A-F405-492F-AE29-F0DF846F6B80}"
EndProject
Global
	GlobalSection(SolutionConfigurationPlatforms) = preSolution
		Debug|Any CPU = Debug|Any CPU
		Release|Any CPU = Release|Any CPU
	EndGlobalSection
	GlobalSection(ProjectConfigurationPlatforms) = postSolution
		{DD9F8DF8-45C1-4973-835C-38EE2172E9E1}.Debug|Any CPU.ActiveCfg = Debug|Any CPU
		{DD9F8DF8-45C1-4973-835C-38EE2172E9E1}.Debug|Any CPU.Build.0 = Debug|Any CPU
		{DD9F8DF8-45C1-4973-835C-38EE2172E9E1}.Release|Any CPU.ActiveCfg = Release|Any CPU
		{DD9F8DF8-45C1-4973-835C-38EE2172E9E1}.Release|Any CPU.Build.0 = Release|Any CPU
		{56ED28DF-A20C-4967-815E-1BB551B5F086}.Debug|Any CPU.ActiveCfg = Debug|Any CPU
		{56ED28DF-A20C-4967-815E-1BB551B5F086}.Debug|Any CPU.Build.0 = Debug|Any CPU
		{56ED28DF-A20C-4967-815E-1BB551B5F086}.Release|Any CPU.ActiveCfg = Release|Any CPU
		{56ED28DF-A20C-4967-815E-1BB551B5F086}.Release|Any CPU.Build.0 = Release|Any CPU
		{B702684A-F405-492F-AE29-F0DF846F6B80}.Debug|Any CPU.ActiveCfg = Debug|Any CPU
		{B702684A-F405-492F-AE29-F0DF846F6B80}.Debug|Any CPU.Build.0 = Debug|Any CPU
		{B702684A-F405-492F-AE29-F0DF846F6B80}.Release|Any CPU.ActiveCfg = Release|Any CPU
		{B702684A-F405-492F-AE29-F0DF846F6B80}.Release|Any CPU.Build.0 = Release|Any CPU
	EndGlobalSection
	GlobalSection(SolutionProperties) = preSolution
		HideSolutionNode = FALSE
	EndGlobalSection
	GlobalSection(ExtensibilityGlobals) = postSolution
		SolutionGuid = {69938FA6-6B60-43A5-A72C-2840D72477B3}
	EndGlobalSection
EndGlobal
